{
  "name": "daa-project-sem-4",
  "version": "1.0.0",
  "lockfileVersion": 2,
  "requires": true,
  "packages": {
    "": {
      "name": "daa-project-sem-4",
      "version": "1.0.0",
      "license": "ISC",
      "dependencies": {
        "node-gol-hashlife": "^0.1.1"
      }
    },
    "node_modules/node-gol-hashlife": {
      "version": "0.1.1",
      "resolved": "https://registry.npmjs.org/node-gol-hashlife/-/node-gol-hashlife-0.1.1.tgz",
      "integrity": "sha1-RkWp92UYibyihtyoZYgJUoXyqyo="
    }
  },
  "dependencies": {
    "node-gol-hashlife": {
      "version": "0.1.1",
      "resolved": "https://registry.npmjs.org/node-gol-hashlife/-/node-gol-hashlife-0.1.1.tgz",
      "integrity": "sha1-RkWp92UYibyihtyoZYgJUoXyqyo="
    }
  }
}
